// !$*UTF8*$!
{
	archiveVersion = 1;
	classes = {
	};
	objectVersion = 55;
	objects = {

/* Begin PBXBuildFile section */
		439D15B92AC1AC5600B413C6 /* BPMCalculations.swift in Sources */ = {isa = PBXBuildFile; fileRef = 439D15B82AC1AC5500B413C6 /* BPMCalculations.swift */; };
		439D15BB2AC1AC7100B413C6 /* PowerlineFilter.swift in Sources */ = {isa = PBXBuildFile; fileRef = 439D15BA2AC1AC7100B413C6 /* PowerlineFilter.swift */; };
		43AED24F2A2A03EA00177205 /* AudioPlayer.swift in Sources */ = {isa = PBXBuildFile; fileRef = 43AED24E2A2A03EA00177205 /* AudioPlayer.swift */; };
		43B0BAAC2A977851002DB5BC /* Transformer.swift in Sources */ = {isa = PBXBuildFile; fileRef = 43B0BAA42A977851002DB5BC /* Transformer.swift */; };
		43B0BAAD2A977851002DB5BC /* ViewPortHandler.swift in Sources */ = {isa = PBXBuildFile; fileRef = 43B0BAA52A977851002DB5BC /* ViewPortHandler.swift */; };
		43B0BAAE2A977851002DB5BC /* Spec.swift in Sources */ = {isa = PBXBuildFile; fileRef = 43B0BAA62A977851002DB5BC /* Spec.swift */; };
		43B0BAAF2A977851002DB5BC /* Queue.swift in Sources */ = {isa = PBXBuildFile; fileRef = 43B0BAA72A977851002DB5BC /* Queue.swift */; };
		43B0BAB02A977851002DB5BC /* RealTimeVitalRenderer.swift in Sources */ = {isa = PBXBuildFile; fileRef = 43B0BAA82A977851002DB5BC /* RealTimeVitalRenderer.swift */; };
		43B0BAB12A977851002DB5BC /* RealTimeDataHandler.swift in Sources */ = {isa = PBXBuildFile; fileRef = 43B0BAA92A977851002DB5BC /* RealTimeDataHandler.swift */; };
		43B0BAB22A977851002DB5BC /* RealTimeVitalChartView.swift in Sources */ = {isa = PBXBuildFile; fileRef = 43B0BAAA2A977851002DB5BC /* RealTimeVitalChartView.swift */; };
		43B0BAB32A977851002DB5BC /* VitalChartDataProvider.swift in Sources */ = {isa = PBXBuildFile; fileRef = 43B0BAAB2A977851002DB5BC /* VitalChartDataProvider.swift */; };
		43CDD7812AC2D824008A2A41 /* Extensions.swift in Sources */ = {isa = PBXBuildFile; fileRef = 43CDD7802AC2D824008A2A41 /* Extensions.swift */; };
		43FF37982ABB216200A31F09 /* ECGDataForBPM in Resources */ = {isa = PBXBuildFile; fileRef = 43FF37972ABB216200A31F09 /* ECGDataForBPM */; };
		5D47C4132A13904F00F85614 /* AuscultationProcessViewController.swift in Sources */ = {isa = PBXBuildFile; fileRef = 5D47C4122A13904F00F85614 /* AuscultationProcessViewController.swift */; };
		5D47C41B2A13AB4E00F85614 /* TransferServices.swift in Sources */ = {isa = PBXBuildFile; fileRef = 5D47C41A2A13AB4E00F85614 /* TransferServices.swift */; };
		5D6E47952A12515500BEB5A5 /* AppDelegate.swift in Sources */ = {isa = PBXBuildFile; fileRef = 5D6E47942A12515500BEB5A5 /* AppDelegate.swift */; };
		5D6E47972A12515500BEB5A5 /* SceneDelegate.swift in Sources */ = {isa = PBXBuildFile; fileRef = 5D6E47962A12515500BEB5A5 /* SceneDelegate.swift */; };
		5D6E47992A12515500BEB5A5 /* ViewController.swift in Sources */ = {isa = PBXBuildFile; fileRef = 5D6E47982A12515500BEB5A5 /* ViewController.swift */; };
		5D6E479C2A12515500BEB5A5 /* Main.storyboard in Resources */ = {isa = PBXBuildFile; fileRef = 5D6E479A2A12515500BEB5A5 /* Main.storyboard */; };
		5D6E479E2A12515A00BEB5A5 /* Assets.xcassets in Resources */ = {isa = PBXBuildFile; fileRef = 5D6E479D2A12515A00BEB5A5 /* Assets.xcassets */; };
		5D6E47A12A12515A00BEB5A5 /* LaunchScreen.storyboard in Resources */ = {isa = PBXBuildFile; fileRef = 5D6E479F2A12515A00BEB5A5 /* LaunchScreen.storyboard */; };
		5D9D43132A2731410056D5F6 /* StethoRawData in Resources */ = {isa = PBXBuildFile; fileRef = 5D9D43122A2731410056D5F6 /* StethoRawData */; };
		5D9D43152A2737990056D5F6 /* Pyaar Hota Kayi Baar Hai(PagalWorld.com.se).mp3 in Resources */ = {isa = PBXBuildFile; fileRef = 5D9D43142A2737990056D5F6 /* Pyaar Hota Kayi Baar Hai(PagalWorld.com.se).mp3 */; };
		5D9D43172A274D020056D5F6 /* rawDataWithoutDecoding in Resources */ = {isa = PBXBuildFile; fileRef = 5D9D43162A274D020056D5F6 /* rawDataWithoutDecoding */; };
		5D9DC03C2A13522A001A464E /* SplashViewController.swift in Sources */ = {isa = PBXBuildFile; fileRef = 5D9DC03B2A13522A001A464E /* SplashViewController.swift */; };
		5D9DC03E2A135232001A464E /* OrgLoginViewController.swift in Sources */ = {isa = PBXBuildFile; fileRef = 5D9DC03D2A135232001A464E /* OrgLoginViewController.swift */; };
		5D9DC0402A135237001A464E /* HomeRecordViewController.swift in Sources */ = {isa = PBXBuildFile; fileRef = 5D9DC03F2A135237001A464E /* HomeRecordViewController.swift */; };
		5D9DC0422A135718001A464E /* UIParentViewController.swift in Sources */ = {isa = PBXBuildFile; fileRef = 5D9DC0412A135718001A464E /* UIParentViewController.swift */; };
		5D9DC0442A135DD1001A464E /* PairDeviceViewController.swift in Sources */ = {isa = PBXBuildFile; fileRef = 5D9DC0432A135DD0001A464E /* PairDeviceViewController.swift */; };
		5DC1E6D52A2093AE00F07ADE /* ADPCMDecode.swift in Sources */ = {isa = PBXBuildFile; fileRef = 5DC1E6D42A2093AE00F07ADE /* ADPCMDecode.swift */; };
		5DD1A1E82A25D94800479E90 /* correctRecoedingThreshold in Resources */ = {isa = PBXBuildFile; fileRef = 5DD1A1E72A25D94800479E90 /* correctRecoedingThreshold */; };
		5DD1A1EC2A25F10200479E90 /* 0DF4A540-E331-43B8-85C0-76BCC8290275 in Resources */ = {isa = PBXBuildFile; fileRef = 5DD1A1EB2A25F10200479E90 /* 0DF4A540-E331-43B8-85C0-76BCC8290275 */; };
		5DD1A1EE2A25F38800479E90 /* DataParser.swift in Sources */ = {isa = PBXBuildFile; fileRef = 5DD1A1ED2A25F38800479E90 /* DataParser.swift */; };
		5DE6110E2A2476ED00F2B137 /* RingBuffer.swift in Sources */ = {isa = PBXBuildFile; fileRef = 5DE6110D2A2476ED00F2B137 /* RingBuffer.swift */; };
		5DE611102A2477D300F2B137 /* ToneGenerator.swift in Sources */ = {isa = PBXBuildFile; fileRef = 5DE6110F2A2477D300F2B137 /* ToneGenerator.swift */; };
		5DF286A92A13606900466D7B /* BluetoothPairTableViewCell.swift in Sources */ = {isa = PBXBuildFile; fileRef = 5DF286A82A13606900466D7B /* BluetoothPairTableViewCell.swift */; };
		6CF10220F6FD3F0A2C918A18 /* Pods_Cube_Demo.framework in Frameworks */ = {isa = PBXBuildFile; fileRef = ADCD9D5B46A6DE3009429D83 /* Pods_Cube_Demo.framework */; };
/* End PBXBuildFile section */

/* Begin PBXContainerItemProxy section */
		5D6E47A82A12515A00BEB5A5 /* PBXContainerItemProxy */ = {
			isa = PBXContainerItemProxy;
			containerPortal = 5D6E47892A12515500BEB5A5 /* Project object */;
			proxyType = 1;
			remoteGlobalIDString = 5D6E47902A12515500BEB5A5;
			remoteInfo = Cube_Demo;
		};
		5D6E47B22A12515A00BEB5A5 /* PBXContainerItemProxy */ = {
			isa = PBXContainerItemProxy;
			containerPortal = 5D6E47892A12515500BEB5A5 /* Project object */;
			proxyType = 1;
			remoteGlobalIDString = 5D6E47902A12515500BEB5A5;
			remoteInfo = Cube_Demo;
		};
/* End PBXContainerItemProxy section */

/* Begin PBXFileReference section */
		3EB9F6DCD4746BA5C00BDF12 /* Pods-Cube_Demo.debug.xcconfig */ = {isa = PBXFileReference; includeInIndex = 1; lastKnownFileType = text.xcconfig; name = "Pods-Cube_Demo.debug.xcconfig"; path = "Target Support Files/Pods-Cube_Demo/Pods-Cube_Demo.debug.xcconfig"; sourceTree = "<group>"; };
		439D15B82AC1AC5500B413C6 /* BPMCalculations.swift */ = {isa = PBXFileReference; fileEncoding = 4; lastKnownFileType = sourcecode.swift; path = BPMCalculations.swift; sourceTree = "<group>"; };
		439D15BA2AC1AC7100B413C6 /* PowerlineFilter.swift */ = {isa = PBXFileReference; lastKnownFileType = sourcecode.swift; path = PowerlineFilter.swift; sourceTree = "<group>"; };
		43AED24E2A2A03EA00177205 /* AudioPlayer.swift */ = {isa = PBXFileReference; lastKnownFileType = sourcecode.swift; path = AudioPlayer.swift; sourceTree = "<group>"; };
		43B0BAA42A977851002DB5BC /* Transformer.swift */ = {isa = PBXFileReference; fileEncoding = 4; lastKnownFileType = sourcecode.swift; path = Transformer.swift; sourceTree = "<group>"; };
		43B0BAA52A977851002DB5BC /* ViewPortHandler.swift */ = {isa = PBXFileReference; fileEncoding = 4; lastKnownFileType = sourcecode.swift; path = ViewPortHandler.swift; sourceTree = "<group>"; };
		43B0BAA62A977851002DB5BC /* Spec.swift */ = {isa = PBXFileReference; fileEncoding = 4; lastKnownFileType = sourcecode.swift; path = Spec.swift; sourceTree = "<group>"; };
		43B0BAA72A977851002DB5BC /* Queue.swift */ = {isa = PBXFileReference; fileEncoding = 4; lastKnownFileType = sourcecode.swift; path = Queue.swift; sourceTree = "<group>"; };
		43B0BAA82A977851002DB5BC /* RealTimeVitalRenderer.swift */ = {isa = PBXFileReference; fileEncoding = 4; lastKnownFileType = sourcecode.swift; path = RealTimeVitalRenderer.swift; sourceTree = "<group>"; };
		43B0BAA92A977851002DB5BC /* RealTimeDataHandler.swift */ = {isa = PBXFileReference; fileEncoding = 4; lastKnownFileType = sourcecode.swift; path = RealTimeDataHandler.swift; sourceTree = "<group>"; };
		43B0BAAA2A977851002DB5BC /* RealTimeVitalChartView.swift */ = {isa = PBXFileReference; fileEncoding = 4; lastKnownFileType = sourcecode.swift; path = RealTimeVitalChartView.swift; sourceTree = "<group>"; };
		43B0BAAB2A977851002DB5BC /* VitalChartDataProvider.swift */ = {isa = PBXFileReference; fileEncoding = 4; lastKnownFileType = sourcecode.swift; path = VitalChartDataProvider.swift; sourceTree = "<group>"; };
		43CDD7802AC2D824008A2A41 /* Extensions.swift */ = {isa = PBXFileReference; lastKnownFileType = sourcecode.swift; path = Extensions.swift; sourceTree = "<group>"; };
		43FF37972ABB216200A31F09 /* ECGDataForBPM */ = {isa = PBXFileReference; lastKnownFileType = text; path = ECGDataForBPM; sourceTree = "<group>"; };
		5D47C4122A13904F00F85614 /* AuscultationProcessViewController.swift */ = {isa = PBXFileReference; fileEncoding = 4; lastKnownFileType = sourcecode.swift; path = AuscultationProcessViewController.swift; sourceTree = "<group>"; };
		5D47C41A2A13AB4E00F85614 /* TransferServices.swift */ = {isa = PBXFileReference; fileEncoding = 4; lastKnownFileType = sourcecode.swift; path = TransferServices.swift; sourceTree = "<group>"; };
		5D6E47912A12515500BEB5A5 /* Cube_Demo.app */ = {isa = PBXFileReference; explicitFileType = wrapper.application; includeInIndex = 0; path = Cube_Demo.app; sourceTree = BUILT_PRODUCTS_DIR; };
		5D6E47942A12515500BEB5A5 /* AppDelegate.swift */ = {isa = PBXFileReference; lastKnownFileType = sourcecode.swift; path = AppDelegate.swift; sourceTree = "<group>"; };
		5D6E47962A12515500BEB5A5 /* SceneDelegate.swift */ = {isa = PBXFileReference; lastKnownFileType = sourcecode.swift; path = SceneDelegate.swift; sourceTree = "<group>"; };
		5D6E47982A12515500BEB5A5 /* ViewController.swift */ = {isa = PBXFileReference; lastKnownFileType = sourcecode.swift; path = ViewController.swift; sourceTree = "<group>"; };
		5D6E479B2A12515500BEB5A5 /* Base */ = {isa = PBXFileReference; lastKnownFileType = file.storyboard; name = Base; path = Base.lproj/Main.storyboard; sourceTree = "<group>"; };
		5D6E479D2A12515A00BEB5A5 /* Assets.xcassets */ = {isa = PBXFileReference; lastKnownFileType = folder.assetcatalog; path = Assets.xcassets; sourceTree = "<group>"; };
		5D6E47A02A12515A00BEB5A5 /* Base */ = {isa = PBXFileReference; lastKnownFileType = file.storyboard; name = Base; path = Base.lproj/LaunchScreen.storyboard; sourceTree = "<group>"; };
		5D6E47A22A12515A00BEB5A5 /* Info.plist */ = {isa = PBXFileReference; lastKnownFileType = text.plist.xml; path = Info.plist; sourceTree = "<group>"; };
		5D6E47A72A12515A00BEB5A5 /* Cube_DemoTests.xctest */ = {isa = PBXFileReference; explicitFileType = wrapper.cfbundle; includeInIndex = 0; path = Cube_DemoTests.xctest; sourceTree = BUILT_PRODUCTS_DIR; };
		5D6E47B12A12515A00BEB5A5 /* Cube_DemoUITests.xctest */ = {isa = PBXFileReference; explicitFileType = wrapper.cfbundle; includeInIndex = 0; path = Cube_DemoUITests.xctest; sourceTree = BUILT_PRODUCTS_DIR; };
		5D9D43122A2731410056D5F6 /* StethoRawData */ = {isa = PBXFileReference; fileEncoding = 4; lastKnownFileType = text; path = StethoRawData; sourceTree = "<group>"; };
		5D9D43142A2737990056D5F6 /* Pyaar Hota Kayi Baar Hai(PagalWorld.com.se).mp3 */ = {isa = PBXFileReference; lastKnownFileType = audio.mp3; path = "Pyaar Hota Kayi Baar Hai(PagalWorld.com.se).mp3"; sourceTree = "<group>"; };
		5D9D43162A274D020056D5F6 /* rawDataWithoutDecoding */ = {isa = PBXFileReference; lastKnownFileType = file; path = rawDataWithoutDecoding; sourceTree = "<group>"; };
		5D9DC03B2A13522A001A464E /* SplashViewController.swift */ = {isa = PBXFileReference; fileEncoding = 4; lastKnownFileType = sourcecode.swift; path = SplashViewController.swift; sourceTree = "<group>"; };
		5D9DC03D2A135232001A464E /* OrgLoginViewController.swift */ = {isa = PBXFileReference; fileEncoding = 4; lastKnownFileType = sourcecode.swift; path = OrgLoginViewController.swift; sourceTree = "<group>"; };
		5D9DC03F2A135237001A464E /* HomeRecordViewController.swift */ = {isa = PBXFileReference; fileEncoding = 4; lastKnownFileType = sourcecode.swift; path = HomeRecordViewController.swift; sourceTree = "<group>"; };
		5D9DC0412A135718001A464E /* UIParentViewController.swift */ = {isa = PBXFileReference; fileEncoding = 4; lastKnownFileType = sourcecode.swift; path = UIParentViewController.swift; sourceTree = "<group>"; };
		5D9DC0432A135DD0001A464E /* PairDeviceViewController.swift */ = {isa = PBXFileReference; fileEncoding = 4; lastKnownFileType = sourcecode.swift; path = PairDeviceViewController.swift; sourceTree = "<group>"; };
		5DC1E6D42A2093AE00F07ADE /* ADPCMDecode.swift */ = {isa = PBXFileReference; fileEncoding = 4; lastKnownFileType = sourcecode.swift; path = ADPCMDecode.swift; sourceTree = "<group>"; };
		5DD1A1E72A25D94800479E90 /* correctRecoedingThreshold */ = {isa = PBXFileReference; lastKnownFileType = file; path = correctRecoedingThreshold; sourceTree = "<group>"; };
		5DD1A1EB2A25F10200479E90 /* 0DF4A540-E331-43B8-85C0-76BCC8290275 */ = {isa = PBXFileReference; fileEncoding = 4; lastKnownFileType = text; path = "0DF4A540-E331-43B8-85C0-76BCC8290275"; sourceTree = "<group>"; };
		5DD1A1ED2A25F38800479E90 /* DataParser.swift */ = {isa = PBXFileReference; fileEncoding = 4; lastKnownFileType = sourcecode.swift; path = DataParser.swift; sourceTree = "<group>"; };
		5DE6110D2A2476ED00F2B137 /* RingBuffer.swift */ = {isa = PBXFileReference; lastKnownFileType = sourcecode.swift; path = RingBuffer.swift; sourceTree = "<group>"; };
		5DE6110F2A2477D300F2B137 /* ToneGenerator.swift */ = {isa = PBXFileReference; lastKnownFileType = sourcecode.swift; path = ToneGenerator.swift; sourceTree = "<group>"; };
		5DF286A82A13606900466D7B /* BluetoothPairTableViewCell.swift */ = {isa = PBXFileReference; fileEncoding = 4; lastKnownFileType = sourcecode.swift; path = BluetoothPairTableViewCell.swift; sourceTree = "<group>"; };
		730B9C5A13F997F2E8653FDC /* Pods-Cube_Demo.release.xcconfig */ = {isa = PBXFileReference; includeInIndex = 1; lastKnownFileType = text.xcconfig; name = "Pods-Cube_Demo.release.xcconfig"; path = "Target Support Files/Pods-Cube_Demo/Pods-Cube_Demo.release.xcconfig"; sourceTree = "<group>"; };
		ADCD9D5B46A6DE3009429D83 /* Pods_Cube_Demo.framework */ = {isa = PBXFileReference; explicitFileType = wrapper.framework; includeInIndex = 0; path = Pods_Cube_Demo.framework; sourceTree = BUILT_PRODUCTS_DIR; };
/* End PBXFileReference section */

/* Begin PBXFrameworksBuildPhase section */
		5D6E478E2A12515500BEB5A5 /* Frameworks */ = {
			isa = PBXFrameworksBuildPhase;
			buildActionMask = 2147483647;
			files = (
				6CF10220F6FD3F0A2C918A18 /* Pods_Cube_Demo.framework in Frameworks */,
			);
			runOnlyForDeploymentPostprocessing = 0;
		};
		5D6E47A42A12515A00BEB5A5 /* Frameworks */ = {
			isa = PBXFrameworksBuildPhase;
			buildActionMask = 2147483647;
			files = (
			);
			runOnlyForDeploymentPostprocessing = 0;
		};
		5D6E47AE2A12515A00BEB5A5 /* Frameworks */ = {
			isa = PBXFrameworksBuildPhase;
			buildActionMask = 2147483647;
			files = (
			);
			runOnlyForDeploymentPostprocessing = 0;
		};
/* End PBXFrameworksBuildPhase section */

/* Begin PBXGroup section */
		439D15B72AC1AC5500B413C6 /* BPM Calculations */ = {
			isa = PBXGroup;
			children = (
				439D15B82AC1AC5500B413C6 /* BPMCalculations.swift */,
				439D15BA2AC1AC7100B413C6 /* PowerlineFilter.swift */,
			);
			path = "BPM Calculations";
			sourceTree = "<group>";
		};
		43B0BAA32A977851002DB5BC /* infoChart */ = {
			isa = PBXGroup;
			children = (
				43B0BAA42A977851002DB5BC /* Transformer.swift */,
				43B0BAA52A977851002DB5BC /* ViewPortHandler.swift */,
				43B0BAA62A977851002DB5BC /* Spec.swift */,
				43B0BAA72A977851002DB5BC /* Queue.swift */,
				43B0BAA82A977851002DB5BC /* RealTimeVitalRenderer.swift */,
				43B0BAA92A977851002DB5BC /* RealTimeDataHandler.swift */,
				43B0BAAA2A977851002DB5BC /* RealTimeVitalChartView.swift */,
				43B0BAAB2A977851002DB5BC /* VitalChartDataProvider.swift */,
			);
			path = infoChart;
			sourceTree = "<group>";
		};
		57801B38EE4729E9BCAEFC53 /* Frameworks */ = {
			isa = PBXGroup;
			children = (
				ADCD9D5B46A6DE3009429D83 /* Pods_Cube_Demo.framework */,
			);
			name = Frameworks;
			sourceTree = "<group>";
		};
		5D6E47882A12515500BEB5A5 = {
			isa = PBXGroup;
			children = (
				5D6E47932A12515500BEB5A5 /* Cube_Demo */,
				5D6E47922A12515500BEB5A5 /* Products */,
				849809D421E0A8D3A2E79E85 /* Pods */,
				57801B38EE4729E9BCAEFC53 /* Frameworks */,
			);
			sourceTree = "<group>";
		};
		5D6E47922A12515500BEB5A5 /* Products */ = {
			isa = PBXGroup;
			children = (
				5D6E47912A12515500BEB5A5 /* Cube_Demo.app */,
				5D6E47A72A12515A00BEB5A5 /* Cube_DemoTests.xctest */,
				5D6E47B12A12515A00BEB5A5 /* Cube_DemoUITests.xctest */,
			);
			name = Products;
			sourceTree = "<group>";
		};
		5D6E47932A12515500BEB5A5 /* Cube_Demo */ = {
			isa = PBXGroup;
			children = (
				5D6E47942A12515500BEB5A5 /* AppDelegate.swift */,
				5D6E47962A12515500BEB5A5 /* SceneDelegate.swift */,
				5D9DC03B2A13522A001A464E /* SplashViewController.swift */,
				5D9DC0412A135718001A464E /* UIParentViewController.swift */,
				5D9DC03F2A135237001A464E /* HomeRecordViewController.swift */,
				5DF286A82A13606900466D7B /* BluetoothPairTableViewCell.swift */,
				5DC1E6D42A2093AE00F07ADE /* ADPCMDecode.swift */,
				5D47C41A2A13AB4E00F85614 /* TransferServices.swift */,
				5D47C4122A13904F00F85614 /* AuscultationProcessViewController.swift */,
				5D9DC0432A135DD0001A464E /* PairDeviceViewController.swift */,
				5D9DC03D2A135232001A464E /* OrgLoginViewController.swift */,
				5DD1A1E72A25D94800479E90 /* correctRecoedingThreshold */,
				5D9D43142A2737990056D5F6 /* Pyaar Hota Kayi Baar Hai(PagalWorld.com.se).mp3 */,
				5DD1A1EB2A25F10200479E90 /* 0DF4A540-E331-43B8-85C0-76BCC8290275 */,
				5D9D43122A2731410056D5F6 /* StethoRawData */,
				5D9D43162A274D020056D5F6 /* rawDataWithoutDecoding */,
				5DD1A1ED2A25F38800479E90 /* DataParser.swift */,
				5DE6110D2A2476ED00F2B137 /* RingBuffer.swift */,
				5DE6110F2A2477D300F2B137 /* ToneGenerator.swift */,
				5D6E47982A12515500BEB5A5 /* ViewController.swift */,
				439D15B72AC1AC5500B413C6 /* BPM Calculations */,
				43B0BAA32A977851002DB5BC /* infoChart */,
				5D6E479A2A12515500BEB5A5 /* Main.storyboard */,
				5D6E479D2A12515A00BEB5A5 /* Assets.xcassets */,
				5D6E479F2A12515A00BEB5A5 /* LaunchScreen.storyboard */,
				5D6E47A22A12515A00BEB5A5 /* Info.plist */,
				43AED24E2A2A03EA00177205 /* AudioPlayer.swift */,
				43FF37972ABB216200A31F09 /* ECGDataForBPM */,
				43CDD7802AC2D824008A2A41 /* Extensions.swift */,
			);
			path = Cube_Demo;
			sourceTree = "<group>";
		};
		849809D421E0A8D3A2E79E85 /* Pods */ = {
			isa = PBXGroup;
			children = (
				3EB9F6DCD4746BA5C00BDF12 /* Pods-Cube_Demo.debug.xcconfig */,
				730B9C5A13F997F2E8653FDC /* Pods-Cube_Demo.release.xcconfig */,
			);
			path = Pods;
			sourceTree = "<group>";
		};
/* End PBXGroup section */

/* Begin PBXNativeTarget section */
		5D6E47902A12515500BEB5A5 /* Cube_Demo */ = {
			isa = PBXNativeTarget;
			buildConfigurationList = 5D6E47BB2A12515A00BEB5A5 /* Build configuration list for PBXNativeTarget "Cube_Demo" */;
			buildPhases = (
				09BE5DF08171771452D52F22 /* [CP] Check Pods Manifest.lock */,
				5D6E478D2A12515500BEB5A5 /* Sources */,
				5D6E478E2A12515500BEB5A5 /* Frameworks */,
				5D6E478F2A12515500BEB5A5 /* Resources */,
				AE3E9702EEAF0C194BD6E0F6 /* [CP] Embed Pods Frameworks */,
			);
			buildRules = (
			);
			dependencies = (
			);
			name = Cube_Demo;
			productName = Cube_Demo;
			productReference = 5D6E47912A12515500BEB5A5 /* Cube_Demo.app */;
			productType = "com.apple.product-type.application";
		};
		5D6E47A62A12515A00BEB5A5 /* Cube_DemoTests */ = {
			isa = PBXNativeTarget;
			buildConfigurationList = 5D6E47BE2A12515A00BEB5A5 /* Build configuration list for PBXNativeTarget "Cube_DemoTests" */;
			buildPhases = (
				5D6E47A32A12515A00BEB5A5 /* Sources */,
				5D6E47A42A12515A00BEB5A5 /* Frameworks */,
				5D6E47A52A12515A00BEB5A5 /* Resources */,
			);
			buildRules = (
			);
			dependencies = (
				5D6E47A92A12515A00BEB5A5 /* PBXTargetDependency */,
			);
			name = Cube_DemoTests;
			productName = Cube_DemoTests;
			productReference = 5D6E47A72A12515A00BEB5A5 /* Cube_DemoTests.xctest */;
			productType = "com.apple.product-type.bundle.unit-test";
		};
		5D6E47B02A12515A00BEB5A5 /* Cube_DemoUITests */ = {
			isa = PBXNativeTarget;
			buildConfigurationList = 5D6E47C12A12515A00BEB5A5 /* Build configuration list for PBXNativeTarget "Cube_DemoUITests" */;
			buildPhases = (
				5D6E47AD2A12515A00BEB5A5 /* Sources */,
				5D6E47AE2A12515A00BEB5A5 /* Frameworks */,
				5D6E47AF2A12515A00BEB5A5 /* Resources */,
			);
			buildRules = (
			);
			dependencies = (
				5D6E47B32A12515A00BEB5A5 /* PBXTargetDependency */,
			);
			name = Cube_DemoUITests;
			productName = Cube_DemoUITests;
			productReference = 5D6E47B12A12515A00BEB5A5 /* Cube_DemoUITests.xctest */;
			productType = "com.apple.product-type.bundle.ui-testing";
		};
/* End PBXNativeTarget section */

/* Begin PBXProject section */
		5D6E47892A12515500BEB5A5 /* Project object */ = {
			isa = PBXProject;
			attributes = {
				BuildIndependentTargetsInParallel = 1;
				LastSwiftUpdateCheck = 1410;
				LastUpgradeCheck = 1410;
				TargetAttributes = {
					5D6E47902A12515500BEB5A5 = {
						CreatedOnToolsVersion = 14.1;
					};
					5D6E47A62A12515A00BEB5A5 = {
						CreatedOnToolsVersion = 14.1;
						TestTargetID = 5D6E47902A12515500BEB5A5;
					};
					5D6E47B02A12515A00BEB5A5 = {
						CreatedOnToolsVersion = 14.1;
						TestTargetID = 5D6E47902A12515500BEB5A5;
					};
				};
			};
			buildConfigurationList = 5D6E478C2A12515500BEB5A5 /* Build configuration list for PBXProject "Cube_Demo" */;
			compatibilityVersion = "Xcode 13.0";
			developmentRegion = en;
			hasScannedForEncodings = 0;
			knownRegions = (
				en,
				Base,
			);
			mainGroup = 5D6E47882A12515500BEB5A5;
			productRefGroup = 5D6E47922A12515500BEB5A5 /* Products */;
			projectDirPath = "";
			projectRoot = "";
			targets = (
				5D6E47902A12515500BEB5A5 /* Cube_Demo */,
				5D6E47A62A12515A00BEB5A5 /* Cube_DemoTests */,
				5D6E47B02A12515A00BEB5A5 /* Cube_DemoUITests */,
			);
		};
/* End PBXProject section */

/* Begin PBXResourcesBuildPhase section */
		5D6E478F2A12515500BEB5A5 /* Resources */ = {
			isa = PBXResourcesBuildPhase;
			buildActionMask = 2147483647;
			files = (
				5D9D43152A2737990056D5F6 /* Pyaar Hota Kayi Baar Hai(PagalWorld.com.se).mp3 in Resources */,
				5DD1A1E82A25D94800479E90 /* correctRecoedingThreshold in Resources */,
				5DD1A1EC2A25F10200479E90 /* 0DF4A540-E331-43B8-85C0-76BCC8290275 in Resources */,
				43FF37982ABB216200A31F09 /* ECGDataForBPM in Resources */,
				5D9D43172A274D020056D5F6 /* rawDataWithoutDecoding in Resources */,
				5D6E47A12A12515A00BEB5A5 /* LaunchScreen.storyboard in Resources */,
				5D6E479E2A12515A00BEB5A5 /* Assets.xcassets in Resources */,
				5D9D43132A2731410056D5F6 /* StethoRawData in Resources */,
				5D6E479C2A12515500BEB5A5 /* Main.storyboard in Resources */,
			);
			runOnlyForDeploymentPostprocessing = 0;
		};
		5D6E47A52A12515A00BEB5A5 /* Resources */ = {
			isa = PBXResourcesBuildPhase;
			buildActionMask = 2147483647;
			files = (
			);
			runOnlyForDeploymentPostprocessing = 0;
		};
		5D6E47AF2A12515A00BEB5A5 /* Resources */ = {
			isa = PBXResourcesBuildPhase;
			buildActionMask = 2147483647;
			files = (
			);
			runOnlyForDeploymentPostprocessing = 0;
		};
/* End PBXResourcesBuildPhase section */

/* Begin PBXShellScriptBuildPhase section */
		09BE5DF08171771452D52F22 /* [CP] Check Pods Manifest.lock */ = {
			isa = PBXShellScriptBuildPhase;
			buildActionMask = 2147483647;
			files = (
			);
			inputFileListPaths = (
			);
			inputPaths = (
				"${PODS_PODFILE_DIR_PATH}/Podfile.lock",
				"${PODS_ROOT}/Manifest.lock",
			);
			name = "[CP] Check Pods Manifest.lock";
			outputFileListPaths = (
			);
			outputPaths = (
				"$(DERIVED_FILE_DIR)/Pods-Cube_Demo-checkManifestLockResult.txt",
			);
			runOnlyForDeploymentPostprocessing = 0;
			shellPath = /bin/sh;
			shellScript = "diff \"${PODS_PODFILE_DIR_PATH}/Podfile.lock\" \"${PODS_ROOT}/Manifest.lock\" > /dev/null\nif [ $? != 0 ] ; then\n    # print error to STDERR\n    echo \"error: The sandbox is not in sync with the Podfile.lock. Run 'pod install' or update your CocoaPods installation.\" >&2\n    exit 1\nfi\n# This output is used by Xcode 'outputs' to avoid re-running this script phase.\necho \"SUCCESS\" > \"${SCRIPT_OUTPUT_FILE_0}\"\n";
			showEnvVarsInLog = 0;
		};
		AE3E9702EEAF0C194BD6E0F6 /* [CP] Embed Pods Frameworks */ = {
			isa = PBXShellScriptBuildPhase;
			buildActionMask = 2147483647;
			files = (
			);
			inputFileListPaths = (
				"${PODS_ROOT}/Target Support Files/Pods-Cube_Demo/Pods-Cube_Demo-frameworks-${CONFIGURATION}-input-files.xcfilelist",
			);
			name = "[CP] Embed Pods Frameworks";
			outputFileListPaths = (
				"${PODS_ROOT}/Target Support Files/Pods-Cube_Demo/Pods-Cube_Demo-frameworks-${CONFIGURATION}-output-files.xcfilelist",
			);
			runOnlyForDeploymentPostprocessing = 0;
			shellPath = /bin/sh;
			shellScript = "\"${PODS_ROOT}/Target Support Files/Pods-Cube_Demo/Pods-Cube_Demo-frameworks.sh\"\n";
			showEnvVarsInLog = 0;
		};
/* End PBXShellScriptBuildPhase section */

/* Begin PBXSourcesBuildPhase section */
		5D6E478D2A12515500BEB5A5 /* Sources */ = {
			isa = PBXSourcesBuildPhase;
			buildActionMask = 2147483647;
			files = (
				5D6E47992A12515500BEB5A5 /* ViewController.swift in Sources */,
				43CDD7812AC2D824008A2A41 /* Extensions.swift in Sources */,
				5D6E47952A12515500BEB5A5 /* AppDelegate.swift in Sources */,
				5D9DC03E2A135232001A464E /* OrgLoginViewController.swift in Sources */,
				43B0BAB12A977851002DB5BC /* RealTimeDataHandler.swift in Sources */,
				5DE6110E2A2476ED00F2B137 /* RingBuffer.swift in Sources */,
				439D15BB2AC1AC7100B413C6 /* PowerlineFilter.swift in Sources */,
				43B0BAB02A977851002DB5BC /* RealTimeVitalRenderer.swift in Sources */,
				5D6E47972A12515500BEB5A5 /* SceneDelegate.swift in Sources */,
				439D15B92AC1AC5600B413C6 /* BPMCalculations.swift in Sources */,
				5DE611102A2477D300F2B137 /* ToneGenerator.swift in Sources */,
				5D47C4132A13904F00F85614 /* AuscultationProcessViewController.swift in Sources */,
				43B0BAAC2A977851002DB5BC /* Transformer.swift in Sources */,
				43B0BAAE2A977851002DB5BC /* Spec.swift in Sources */,
				43B0BAB22A977851002DB5BC /* RealTimeVitalChartView.swift in Sources */,
				43B0BAAD2A977851002DB5BC /* ViewPortHandler.swift in Sources */,
				5D47C41B2A13AB4E00F85614 /* TransferServices.swift in Sources */,
				5D9DC0442A135DD1001A464E /* PairDeviceViewController.swift in Sources */,
				5D9DC0422A135718001A464E /* UIParentViewController.swift in Sources */,
				5D9DC0402A135237001A464E /* HomeRecordViewController.swift in Sources */,
				43AED24F2A2A03EA00177205 /* AudioPlayer.swift in Sources */,
				43B0BAAF2A977851002DB5BC /* Queue.swift in Sources */,
				5DD1A1EE2A25F38800479E90 /* DataParser.swift in Sources */,
				5DC1E6D52A2093AE00F07ADE /* ADPCMDecode.swift in Sources */,
				5DF286A92A13606900466D7B /* BluetoothPairTableViewCell.swift in Sources */,
				43B0BAB32A977851002DB5BC /* VitalChartDataProvider.swift in Sources */,
				5D9DC03C2A13522A001A464E /* SplashViewController.swift in Sources */,
			);
			runOnlyForDeploymentPostprocessing = 0;
		};
		5D6E47A32A12515A00BEB5A5 /* Sources */ = {
			isa = PBXSourcesBuildPhase;
			buildActionMask = 2147483647;
			files = (
			);
			runOnlyForDeploymentPostprocessing = 0;
		};
		5D6E47AD2A12515A00BEB5A5 /* Sources */ = {
			isa = PBXSourcesBuildPhase;
			buildActionMask = 2147483647;
			files = (
			);
			runOnlyForDeploymentPostprocessing = 0;
		};
/* End PBXSourcesBuildPhase section */

/* Begin PBXTargetDependency section */
		5D6E47A92A12515A00BEB5A5 /* PBXTargetDependency */ = {
			isa = PBXTargetDependency;
			target = 5D6E47902A12515500BEB5A5 /* Cube_Demo */;
			targetProxy = 5D6E47A82A12515A00BEB5A5 /* PBXContainerItemProxy */;
		};
		5D6E47B32A12515A00BEB5A5 /* PBXTargetDependency */ = {
			isa = PBXTargetDependency;
			target = 5D6E47902A12515500BEB5A5 /* Cube_Demo */;
			targetProxy = 5D6E47B22A12515A00BEB5A5 /* PBXContainerItemProxy */;
		};
/* End PBXTargetDependency section */

/* Begin PBXVariantGroup section */
		5D6E479A2A12515500BEB5A5 /* Main.storyboard */ = {
			isa = PBXVariantGroup;
			children = (
				5D6E479B2A12515500BEB5A5 /* Base */,
			);
			name = Main.storyboard;
			sourceTree = "<group>";
		};
		5D6E479F2A12515A00BEB5A5 /* LaunchScreen.storyboard */ = {
			isa = PBXVariantGroup;
			children = (
				5D6E47A02A12515A00BEB5A5 /* Base */,
			);
			name = LaunchScreen.storyboard;
			sourceTree = "<group>";
		};
/* End PBXVariantGroup section */

/* Begin XCBuildConfiguration section */
		5D6E47B92A12515A00BEB5A5 /* Debug */ = {
			isa = XCBuildConfiguration;
			buildSettings = {
				ALWAYS_SEARCH_USER_PATHS = NO;
				CLANG_ANALYZER_NONNULL = YES;
				CLANG_ANALYZER_NUMBER_OBJECT_CONVERSION = YES_AGGRESSIVE;
				CLANG_CXX_LANGUAGE_STANDARD = "gnu++20";
				CLANG_ENABLE_MODULES = YES;
				CLANG_ENABLE_OBJC_ARC = YES;
				CLANG_ENABLE_OBJC_WEAK = YES;
				CLANG_WARN_BLOCK_CAPTURE_AUTORELEASING = YES;
				CLANG_WARN_BOOL_CONVERSION = YES;
				CLANG_WARN_COMMA = YES;
				CLANG_WARN_CONSTANT_CONVERSION = YES;
				CLANG_WARN_DEPRECATED_OBJC_IMPLEMENTATIONS = YES;
				CLANG_WARN_DIRECT_OBJC_ISA_USAGE = YES_ERROR;
				CLANG_WARN_DOCUMENTATION_COMMENTS = YES;
				CLANG_WARN_EMPTY_BODY = YES;
				CLANG_WARN_ENUM_CONVERSION = YES;
				CLANG_WARN_INFINITE_RECURSION = YES;
				CLANG_WARN_INT_CONVERSION = YES;
				CLANG_WARN_NON_LITERAL_NULL_CONVERSION = YES;
				CLANG_WARN_OBJC_IMPLICIT_RETAIN_SELF = YES;
				CLANG_WARN_OBJC_LITERAL_CONVERSION = YES;
				CLANG_WARN_OBJC_ROOT_CLASS = YES_ERROR;
				CLANG_WARN_QUOTED_INCLUDE_IN_FRAMEWORK_HEADER = YES;
				CLANG_WARN_RANGE_LOOP_ANALYSIS = YES;
				CLANG_WARN_STRICT_PROTOTYPES = YES;
				CLANG_WARN_SUSPICIOUS_MOVE = YES;
				CLANG_WARN_UNGUARDED_AVAILABILITY = YES_AGGRESSIVE;
				CLANG_WARN_UNREACHABLE_CODE = YES;
				CLANG_WARN__DUPLICATE_METHOD_MATCH = YES;
				COPY_PHASE_STRIP = NO;
				DEBUG_INFORMATION_FORMAT = dwarf;
				ENABLE_STRICT_OBJC_MSGSEND = YES;
				ENABLE_TESTABILITY = YES;
				GCC_C_LANGUAGE_STANDARD = gnu11;
				GCC_DYNAMIC_NO_PIC = NO;
				GCC_NO_COMMON_BLOCKS = YES;
				GCC_OPTIMIZATION_LEVEL = 0;
				GCC_PREPROCESSOR_DEFINITIONS = (
					"DEBUG=1",
					"$(inherited)",
				);
				GCC_WARN_64_TO_32_BIT_CONVERSION = YES;
				GCC_WARN_ABOUT_RETURN_TYPE = YES_ERROR;
				GCC_WARN_UNDECLARED_SELECTOR = YES;
				GCC_WARN_UNINITIALIZED_AUTOS = YES_AGGRESSIVE;
				GCC_WARN_UNUSED_FUNCTION = YES;
				GCC_WARN_UNUSED_VARIABLE = YES;
				IPHONEOS_DEPLOYMENT_TARGET = 16.1;
				MTL_ENABLE_DEBUG_INFO = INCLUDE_SOURCE;
				MTL_FAST_MATH = YES;
				ONLY_ACTIVE_ARCH = YES;
				SDKROOT = iphoneos;
				SWIFT_ACTIVE_COMPILATION_CONDITIONS = DEBUG;
				SWIFT_OPTIMIZATION_LEVEL = "-Onone";
			};
			name = Debug;
		};
		5D6E47BA2A12515A00BEB5A5 /* Release */ = {
			isa = XCBuildConfiguration;
			buildSettings = {
				ALWAYS_SEARCH_USER_PATHS = NO;
				CLANG_ANALYZER_NONNULL = YES;
				CLANG_ANALYZER_NUMBER_OBJECT_CONVERSION = YES_AGGRESSIVE;
				CLANG_CXX_LANGUAGE_STANDARD = "gnu++20";
				CLANG_ENABLE_MODULES = YES;
				CLANG_ENABLE_OBJC_ARC = YES;
				CLANG_ENABLE_OBJC_WEAK = YES;
				CLANG_WARN_BLOCK_CAPTURE_AUTORELEASING = YES;
				CLANG_WARN_BOOL_CONVERSION = YES;
				CLANG_WARN_COMMA = YES;
				CLANG_WARN_CONSTANT_CONVERSION = YES;
				CLANG_WARN_DEPRECATED_OBJC_IMPLEMENTATIONS = YES;
				CLANG_WARN_DIRECT_OBJC_ISA_USAGE = YES_ERROR;
				CLANG_WARN_DOCUMENTATION_COMMENTS = YES;
				CLANG_WARN_EMPTY_BODY = YES;
				CLANG_WARN_ENUM_CONVERSION = YES;
				CLANG_WARN_INFINITE_RECURSION = YES;
				CLANG_WARN_INT_CONVERSION = YES;
				CLANG_WARN_NON_LITERAL_NULL_CONVERSION = YES;
				CLANG_WARN_OBJC_IMPLICIT_RETAIN_SELF = YES;
				CLANG_WARN_OBJC_LITERAL_CONVERSION = YES;
				CLANG_WARN_OBJC_ROOT_CLASS = YES_ERROR;
				CLANG_WARN_QUOTED_INCLUDE_IN_FRAMEWORK_HEADER = YES;
				CLANG_WARN_RANGE_LOOP_ANALYSIS = YES;
				CLANG_WARN_STRICT_PROTOTYPES = YES;
				CLANG_WARN_SUSPICIOUS_MOVE = YES;
				CLANG_WARN_UNGUARDED_AVAILABILITY = YES_AGGRESSIVE;
				CLANG_WARN_UNREACHABLE_CODE = YES;
				CLANG_WARN__DUPLICATE_METHOD_MATCH = YES;
				COPY_PHASE_STRIP = NO;
				DEBUG_INFORMATION_FORMAT = "dwarf-with-dsym";
				ENABLE_NS_ASSERTIONS = NO;
				ENABLE_STRICT_OBJC_MSGSEND = YES;
				GCC_C_LANGUAGE_STANDARD = gnu11;
				GCC_NO_COMMON_BLOCKS = YES;
				GCC_WARN_64_TO_32_BIT_CONVERSION = YES;
				GCC_WARN_ABOUT_RETURN_TYPE = YES_ERROR;
				GCC_WARN_UNDECLARED_SELECTOR = YES;
				GCC_WARN_UNINITIALIZED_AUTOS = YES_AGGRESSIVE;
				GCC_WARN_UNUSED_FUNCTION = YES;
				GCC_WARN_UNUSED_VARIABLE = YES;
				IPHONEOS_DEPLOYMENT_TARGET = 16.1;
				MTL_ENABLE_DEBUG_INFO = NO;
				MTL_FAST_MATH = YES;
				SDKROOT = iphoneos;
				SWIFT_COMPILATION_MODE = wholemodule;
				SWIFT_OPTIMIZATION_LEVEL = "-O";
				VALIDATE_PRODUCT = YES;
			};
			name = Release;
		};
		5D6E47BC2A12515A00BEB5A5 /* Debug */ = {
			isa = XCBuildConfiguration;
			baseConfigurationReference = 3EB9F6DCD4746BA5C00BDF12 /* Pods-Cube_Demo.debug.xcconfig */;
			buildSettings = {
				ASSETCATALOG_COMPILER_APPICON_NAME = AppIcon;
				ASSETCATALOG_COMPILER_GLOBAL_ACCENT_COLOR_NAME = AccentColor;
				CODE_SIGN_IDENTITY = "Apple Development";
				CODE_SIGN_STYLE = Automatic;
				CURRENT_PROJECT_VERSION = 1;
				DEVELOPMENT_TEAM = BU22N77UP4;
				GENERATE_INFOPLIST_FILE = YES;
				INFOPLIST_FILE = Cube_Demo/Info.plist;
				INFOPLIST_KEY_CFBundleDisplayName = "Stetho App";
				INFOPLIST_KEY_NSBluetoothAlwaysUsageDescription = "Our app uses bluetooth to find, connect and transfer data between different devices";
				INFOPLIST_KEY_UIApplicationSupportsIndirectInputEvents = YES;
				INFOPLIST_KEY_UILaunchStoryboardName = LaunchScreen;
				INFOPLIST_KEY_UIMainStoryboardFile = Main;
				INFOPLIST_KEY_UISupportedInterfaceOrientations = UIInterfaceOrientationPortrait;
				INFOPLIST_KEY_UISupportedInterfaceOrientations_iPad = "UIInterfaceOrientationLandscapeLeft UIInterfaceOrientationLandscapeRight UIInterfaceOrientationPortrait UIInterfaceOrientationPortraitUpsideDown";
				IPHONEOS_DEPLOYMENT_TARGET = 13.0;
				LD_RUNPATH_SEARCH_PATHS = (
					"$(inherited)",
					"@executable_path/Frameworks",
				);
				MARKETING_VERSION = 1.0;
				PRODUCT_BUNDLE_IDENTIFIER = "demo.Cube-Demo-Final";
				PRODUCT_NAME = "$(TARGET_NAME)";
				PROVISIONING_PROFILE_SPECIFIER = "";
				SWIFT_EMIT_LOC_STRINGS = YES;
				SWIFT_VERSION = 5.0;
				TARGETED_DEVICE_FAMILY = "1,2";
			};
			name = Debug;
		};
		5D6E47BD2A12515A00BEB5A5 /* Release */ = {
			isa = XCBuildConfiguration;
			baseConfigurationReference = 730B9C5A13F997F2E8653FDC /* Pods-Cube_Demo.release.xcconfig */;
			buildSettings = {
				ASSETCATALOG_COMPILER_APPICON_NAME = AppIcon;
				ASSETCATALOG_COMPILER_GLOBAL_ACCENT_COLOR_NAME = AccentColor;
				CODE_SIGN_IDENTITY = "Apple Development";
				CODE_SIGN_STYLE = Automatic;
				CURRENT_PROJECT_VERSION = 1;
				DEVELOPMENT_TEAM = BU22N77UP4;
				GENERATE_INFOPLIST_FILE = YES;
				INFOPLIST_FILE = Cube_Demo/Info.plist;
				INFOPLIST_KEY_CFBundleDisplayName = "Stetho App";
				INFOPLIST_KEY_NSBluetoothAlwaysUsageDescription = "Our app uses bluetooth to find, connect and transfer data between different devices";
				INFOPLIST_KEY_UIApplicationSupportsIndirectInputEvents = YES;
				INFOPLIST_KEY_UILaunchStoryboardName = LaunchScreen;
				INFOPLIST_KEY_UIMainStoryboardFile = Main;
				INFOPLIST_KEY_UISupportedInterfaceOrientations = UIInterfaceOrientationPortrait;
				INFOPLIST_KEY_UISupportedInterfaceOrientations_iPad = "UIInterfaceOrientationLandscapeLeft UIInterfaceOrientationLandscapeRight UIInterfaceOrientationPortrait UIInterfaceOrientationPortraitUpsideDown";
				IPHONEOS_DEPLOYMENT_TARGET = 13.0;
				LD_RUNPATH_SEARCH_PATHS = (
					"$(inherited)",
					"@executable_path/Frameworks",
				);
				MARKETING_VERSION = 1.0;
				PRODUCT_BUNDLE_IDENTIFIER = "demo.Cube-Demo-Final";
				PRODUCT_NAME = "$(TARGET_NAME)";
				PROVISIONING_PROFILE_SPECIFIER = "";
				SWIFT_EMIT_LOC_STRINGS = YES;
				SWIFT_VERSION = 5.0;
				TARGETED_DEVICE_FAMILY = "1,2";
			};
			name = Release;
		};
		5D6E47BF2A12515A00BEB5A5 /* Debug */ = {
			isa = XCBuildConfiguration;
			buildSettings = {
				ALWAYS_EMBED_SWIFT_STANDARD_LIBRARIES = YES;
				BUNDLE_LOADER = "$(TEST_HOST)";
				CODE_SIGN_STYLE = Automatic;
				CURRENT_PROJECT_VERSION = 1;
				DEVELOPMENT_TEAM = PLFW27U9D2;
				GENERATE_INFOPLIST_FILE = YES;
				IPHONEOS_DEPLOYMENT_TARGET = 16.1;
				MARKETING_VERSION = 1.0;
				PRODUCT_BUNDLE_IDENTIFIER = "demo.Cube-DemoTests";
				PRODUCT_NAME = "$(TARGET_NAME)";
				SWIFT_EMIT_LOC_STRINGS = NO;
				SWIFT_VERSION = 5.0;
				TARGETED_DEVICE_FAMILY = "1,2";
				TEST_HOST = "$(BUILT_PRODUCTS_DIR)/Cube_Demo.app/$(BUNDLE_EXECUTABLE_FOLDER_PATH)/Cube_Demo";
			};
			name = Debug;
		};
		5D6E47C02A12515A00BEB5A5 /* Release */ = {
			isa = XCBuildConfiguration;
			buildSettings = {
				ALWAYS_EMBED_SWIFT_STANDARD_LIBRARIES = YES;
				BUNDLE_LOADER = "$(TEST_HOST)";
				CODE_SIGN_STYLE = Automatic;
				CURRENT_PROJECT_VERSION = 1;
				DEVELOPMENT_TEAM = PLFW27U9D2;
				GENERATE_INFOPLIST_FILE = YES;
				IPHONEOS_DEPLOYMENT_TARGET = 16.1;
				MARKETING_VERSION = 1.0;
				PRODUCT_BUNDLE_IDENTIFIER = "demo.Cube-DemoTests";
				PRODUCT_NAME = "$(TARGET_NAME)";
				SWIFT_EMIT_LOC_STRINGS = NO;
				SWIFT_VERSION = 5.0;
				TARGETED_DEVICE_FAMILY = "1,2";
				TEST_HOST = "$(BUILT_PRODUCTS_DIR)/Cube_Demo.app/$(BUNDLE_EXECUTABLE_FOLDER_PATH)/Cube_Demo";
			};
			name = Release;
		};
		5D6E47C22A12515A00BEB5A5 /* Debug */ = {
			isa = XCBuildConfiguration;
			buildSettings = {
				ALWAYS_EMBED_SWIFT_STANDARD_LIBRARIES = YES;
				CODE_SIGN_STYLE = Automatic;
				CURRENT_PROJECT_VERSION = 1;
				DEVELOPMENT_TEAM = PLFW27U9D2;
				GENERATE_INFOPLIST_FILE = YES;
				MARKETING_VERSION = 1.0;
				PRODUCT_BUNDLE_IDENTIFIER = "demo.Cube-DemoUITests";
				PRODUCT_NAME = "$(TARGET_NAME)";
				SWIFT_EMIT_LOC_STRINGS = NO;
				SWIFT_VERSION = 5.0;
				TARGETED_DEVICE_FAMILY = "1,2";
				TEST_TARGET_NAME = Cube_Demo;
			};
			name = Debug;
		};
		5D6E47C32A12515A00BEB5A5 /* Release */ = {
			isa = XCBuildConfiguration;
			buildSettings = {
				ALWAYS_EMBED_SWIFT_STANDARD_LIBRARIES = YES;
				CODE_SIGN_STYLE = Automatic;
				CURRENT_PROJECT_VERSION = 1;
				DEVELOPMENT_TEAM = PLFW27U9D2;
				GENERATE_INFOPLIST_FILE = YES;
				MARKETING_VERSION = 1.0;
				PRODUCT_BUNDLE_IDENTIFIER = "demo.Cube-DemoUITests";
				PRODUCT_NAME = "$(TARGET_NAME)";
				SWIFT_EMIT_LOC_STRINGS = NO;
				SWIFT_VERSION = 5.0;
				TARGETED_DEVICE_FAMILY = "1,2";
				TEST_TARGET_NAME = Cube_Demo;
			};
			name = Release;
		};
/* End XCBuildConfiguration section */

/* Begin XCConfigurationList section */
		5D6E478C2A12515500BEB5A5 /* Build configuration list for PBXProject "Cube_Demo" */ = {
			isa = XCConfigurationList;
			buildConfigurations = (
				5D6E47B92A12515A00BEB5A5 /* Debug */,
				5D6E47BA2A12515A00BEB5A5 /* Release */,
			);
			defaultConfigurationIsVisible = 0;
			defaultConfigurationName = Release;
		};
		5D6E47BB2A12515A00BEB5A5 /* Build configuration list for PBXNativeTarget "Cube_Demo" */ = {
			isa = XCConfigurationList;
			buildConfigurations = (
				5D6E47BC2A12515A00BEB5A5 /* Debug */,
				5D6E47BD2A12515A00BEB5A5 /* Release */,
			);
			defaultConfigurationIsVisible = 0;
			defaultConfigurationName = Release;
		};
		5D6E47BE2A12515A00BEB5A5 /* Build configuration list for PBXNativeTarget "Cube_DemoTests" */ = {
			isa = XCConfigurationList;
			buildConfigurations = (
				5D6E47BF2A12515A00BEB5A5 /* Debug */,
				5D6E47C02A12515A00BEB5A5 /* Release */,
			);
			defaultConfigurationIsVisible = 0;
			defaultConfigurationName = Release;
		};
		5D6E47C12A12515A00BEB5A5 /* Build configuration list for PBXNativeTarget "Cube_DemoUITests" */ = {
			isa = XCConfigurationList;
			buildConfigurations = (
				5D6E47C22A12515A00BEB5A5 /* Debug */,
				5D6E47C32A12515A00BEB5A5 /* Release */,
			);
			defaultConfigurationIsVisible = 0;
			defaultConfigurationName = Release;
		};
/* End XCConfigurationList section */
	};
	rootObject = 5D6E47892A12515500BEB5A5 /* Project object */;
}
